
Microsoft Visual Studio Solution File, Format Version 12.00
# Visual Studio Version 17
VisualStudioVersion = 17.3.32929.385
MinimumVisualStudioVersion = 10.0.40219.1
Project("{888888A0-9F3D-457C-B088-3A5042F75D52}") = "PdfREParser", "PdfREParser\PdfREParser.pyproj", "{88E51B46-0BD9-44C4-9416-5EECF1C8B168}"
EndProject
Project("{888888A0-9F3D-457C-B088-3A5042F75D52}") = "REAnalyzer", "REAnalyzer\REAnalyzer.pyproj", "{A59E606B-468B-49F7-90CC-C5645B19EF6D}"
EndProject
Project("{54A90642-561A-4BB1-A94E-469ADEE60C69}") = "reviewer", "reviewer\reviewer.esproj", "{3EAB0F9E-7D18-4C1C-8964-AD84EB562624}"
EndProject
Project("{2150E333-8FDC-42A3-9474-1A3956D46DE8}") = "Solution Items", "Solution Items", "{3B6413E2-F46C-44A1-9863-F81E57EAF6D3}"
	ProjectSection(SolutionItems) = preProject
		README.md = README.md
	EndProjectSection
EndProject
Global
	GlobalSection(SolutionConfigurationPlatforms) = preSolution
		Debug|Any CPU = Debug|Any CPU
		Release|Any CPU = Release|Any CPU
	EndGlobalSection
	GlobalSection(ProjectConfigurationPlatforms) = postSolution
		{88E51B46-0BD9-44C4-9416-5EECF1C8B168}.Debug|Any CPU.ActiveCfg = Debug|Any CPU
		{88E51B46-0BD9-44C4-9416-5EECF1C8B168}.Release|Any CPU.ActiveCfg = Release|Any CPU
		{A59E606B-468B-49F7-90CC-C5645B19EF6D}.Debug|Any CPU.ActiveCfg = Debug|Any CPU
		{A59E606B-468B-49F7-90CC-C5645B19EF6D}.Release|Any CPU.ActiveCfg = Release|Any CPU
		{3EAB0F9E-7D18-4C1C-8964-AD84EB562624}.Debug|Any CPU.ActiveCfg = Debug|Any CPU
		{3EAB0F9E-7D18-4C1C-8964-AD84EB562624}.Debug|Any CPU.Build.0 = Debug|Any CPU
		{3EAB0F9E-7D18-4C1C-8964-AD84EB562624}.Debug|Any CPU.Deploy.0 = Debug|Any CPU
		{3EAB0F9E-7D18-4C1C-8964-AD84EB562624}.Release|Any CPU.ActiveCfg = Release|Any CPU
		{3EAB0F9E-7D18-4C1C-8964-AD84EB562624}.Release|Any CPU.Build.0 = Release|Any CPU
		{3EAB0F9E-7D18-4C1C-8964-AD84EB562624}.Release|Any CPU.Deploy.0 = Release|Any CPU
	EndGlobalSection
	GlobalSection(SolutionProperties) = preSolution
		HideSolutionNode = FALSE
	EndGlobalSection
	GlobalSection(ExtensibilityGlobals) = postSolution
		SolutionGuid = {F3A18D79-A6D8-4409-ABF5-17BE8FC9EC12}
	EndGlobalSection
EndGlobal
